
Microsoft Visual Studio Solution File, Format Version 12.00
# Visual Studio Version 17
VisualStudioVersion = 17.7.34031.279
MinimumVisualStudioVersion = 10.0.40219.1
Project("{9A19103F-16F7-4668-BE54-9A1E7A4F7556}") = "Question2_Part2", "Q2_Part2\Question2_Part2.csproj", "{3C2E48D2-DAA6-4506-935C-D1D42DF81D1A}"
EndProject
Global
	GlobalSection(SolutionConfigurationPlatforms) = preSolution
		Debug|Any CPU = Debug|Any CPU
		Release|Any CPU = Release|Any CPU
	EndGlobalSection
	GlobalSection(ProjectConfigurationPlatforms) = postSolution
		{3C2E48D2-DAA6-4506-935C-D1D42DF81D1A}.Debug|Any CPU.ActiveCfg = Debug|Any CPU
		{3C2E48D2-DAA6-4506-935C-D1D42DF81D1A}.Debug|Any CPU.Build.0 = Debug|Any CPU
		{3C2E48D2-DAA6-4506-935C-D1D42DF81D1A}.Release|Any CPU.ActiveCfg = Release|Any CPU
		{3C2E48D2-DAA6-4506-935C-D1D42DF81D1A}.Release|Any CPU.Build.0 = Release|Any CPU
	EndGlobalSection
	GlobalSection(SolutionProperties) = preSolution
		HideSolutionNode = FALSE
	EndGlobalSection
	GlobalSection(ExtensibilityGlobals) = postSolution
		SolutionGuid = {47F549EB-3072-42B3-9D7C-EB033C76E585}
	EndGlobalSection
EndGlobal
